{
  "version": 4,
  "terraform_version": "1.6.2",
  "serial": 74,
  "lineage": "ae5c8d8d-5b00-4938-d404-22b01d2198bc",
  "outputs": {
    "key_data": {
      "value": "ssh-rsa AAAAB3NzaC1yc2EAAAADAQABAAABgQDLFc0HgvtRLD5YBlHye4J2HPLrjcuU3M1Wx5SPlVrcREChw60gJgk8AHrxdb78Ww8/W0KeAxc/yxVEKaH8/KYfeuMCkQ/skBpEOTveH2c0bdBC+9qkyeW+O0X+jWLfdFjYDSe8c7D03ejS9NRy4AT5aQTx7IIIysPjabBIf92DXsXrqPD/7LOn9hjObvoSXA/A19WYJNoy1dSOtMWwRSyEUx70hGghhQOYnTwoIr3MaBWr8Fh1I5Y7UlmYKLEQT2QCDVQ7CbCWrvVwrIHzVWHB6JFmh48UjuoZq9109qLXjW29/jcTnrTqjb30pDNidOPkH+NgQkaZR+25LCcAt3rk6H2msMUdUi2H9OOKICLkzxF93+NC6qjooX2vC7lFU/tU+e9BbHlzA8u9NOkKqbq2r+DvtDRHasvTA0X9fy2zBn5WOfTmmp8QlVqWZDNgbTzJexVDo5+SLKjCq7UwVwLASxqg4YOlwdZ4NPvHMvF+t+vRiheM2s0xw8S9WnS19bk= generated-by-azure",
      "type": "string"
    },
    "private_key_data": {
      "value": "-----BEGIN RSA PRIVATE KEY-----\r\nMIIG5QIBAAKCAYEAyxXNB4L7USw+WAZR8nuCdhzy643LlNzNVseUj5Va3ERAocOt\r\nICYJPAB68XW+/FsPP1tCngMXP8sVRCmh/PymH3rjApEP7JAaRDk73h9nNG3QQvva\r\npMnlvjtF/o1i33RY2A0nvHOw9N3o0vTUcuAE+WkE8eyCCMrD42mwSH/dg17F66jw\r\n/+yzp/YYzm76ElwPwNfVmCTaMtXUjrTFsEUshFMe9IRoIYUDmJ08KCK9zGgVq/BY\r\ndSOWO1JZmCixEE9kAg1UOwmwlq71cKyB81VhweiRZoePFI7qGavddPai141tvf43\r\nE5606o299KQzYnTj5B/jYEJGmUftuSwnALd65Oh9prDFHVIth/TjiiAi5M8Rfd/j\r\nQuqo6KF9rwu5RVP7VPnvQWx5cwPLvTTpCqm6tq/g77Q0R2rL0wNF/X8tswZ+Vjn0\r\n5pqfEJValmQzYG08yXsVQ6Ofkiyowqu1MFcCwEsaoOGDpcHWeDT7xzLxfrfr0YoX\r\njNrNMcPEvVp0tfW5AgMBAAECggGBAI1KBpHSS7ymll0xUHPt/87ixxKgXOGdWHKm\r\nebIHS+ZwybKBa4IxVD1dbCtvKsdxJsOCX2+FYPht9sasXFmhAIZoPWV8vOJtQwjx\r\n9LfNi0TLnZfslqoNGPxnSoQVo5Mo4+K0DFAtARDrDl8uHFwrhOpsaRdS3wj04KHn\r\n1tApvVf3aKVSrRCwgjE5ovqD9REu4Xrd7mliQjgZ0j7Sf7Lp/VW2apPdRoEDhIP5\r\n6G9X9Eowo9syZKhicNOmsFSPAtkBEap/Pxki5vSnQQaoe4vlj6y1ZLFhSRZjEmS0\r\noRG3y2viC9aXGjSpLwWLIxPBmnTbB6jYgmU5bXf+bQnMBThMrF3PJ7ExMQoN0dHP\r\nXwWdWUZYAzZB+hnAwdalbANEoM/HMlbDKfhgS213LE8Iki0e8r9ETtiXG9oNpymv\r\nEuOFTx4y0v2NqjmpP+LdD91gj7XOzNlZpHUFwU9jl4nwkBTIeWbHzlvxBglFvELB\r\nwOkDlKyx/omBelwExWYQXQodrU/8PQKBwQDq5ezflz1AKC+ZjQCNBclyC/nmExIP\r\natlWCevM+KiEeBRehUWb5MAyalz6jQDcW0F5I0lzpB6wN3T9eBu9RudCwdJhSYvK\r\nGX7q9cT8X1Rh4wL6ByWm5GqZPndjtq07zmeYuWpIt0bab+i92SzcIJPkk69KNqOt\r\ndpySwGx5+iZrJBCHMitanibsskZlvKLX3/aN/2WEdjET+G2wCU8leqh+x8q22Rl1\r\ndgdSnDnsf1+IAHUevaJ+rm8fUp3lzd7HR98CgcEA3VRBfteCFDXsc+jKH8SRQLll\r\nnHvGB3s2MsTUPTaj3cj8XkhPbiD2zzmJTru3dwcWG8Y3Zl9bldVWgrspzLrTo0ET\r\n2P8Go+ec49Al65PW7fPboi/pZk9Qk/IjaeDAFHWGLovxSUyMGbpmHBKE1COg1k3Q\r\nyebZKgov6tJYfzkrwZ8lw9eklXBJBXp2bVi2QZRt6QYMp3/Rsotai6hYKquVKdRE\r\n3yCHpDY9hFO3O5F5YZlYanK8Yv+sKVniT/8JtVVnAoHAeNou0qKHOtjyFHg9DlEp\r\n4WlT+xFYu2Hny6JzFRPh77WwFSlQNPKuB8I9cBLXnIe+2cpT4hFQUK1XnYkMDIfM\r\nN8ZsrO0f5KzVZaFo5cdOLMaVI3pF3uWqCone9whnfFunZSYQDrVs2Lm27uYrdF22\r\neWWaS/5sm7RovgAOT3tqBLmbX1NqhsbTk/fszC8PQS3TNh9uZYZBndq05FsFw2ym\r\nAARewVBVDt/YyKHkE089IUXK/DPoxHCOb3kcD72pnrHVAoHBAIXe6J6oC23eD98r\r\n9tWwN4tGmEdGNklgJTAgDZ/Y5NTJNJxycFjUZ3SAAKU2tYmxJ5Y1Fl09YFAIcgMw\r\n4d+LQWeFfVPLLWEGPscsp0MOcPoMfdRj1nCjmMFjvDfWUVgOndKZoqALRNJrBEgG\r\ni4Ek66uz9Y2pq8DZ2JHYGN8a3XSHpngGfu5EtGYz5F3PQq338WL43b6SeWvdDi9a\r\n67kjf12FnwK20lRo2lynpjTJkPmPnwMD0x6uNpvsWg643E5qEQKBwQCaKcJ0f4uE\r\nQ43eL0FAZSNoeMcEy6CBV3/HJHkSPZkWCm2fSAVboOkOI9XYL0RUsdoA1cHMH7Yv\r\n938cori1EkA+vto0rpyIuQ0HDfFZtTH+b8ePIPe74DFkRHc37AAFeM+ivwayE93T\r\nC0732pjhYQdXVamvbHO5V3BQ675vKBi08xKHRumXtuxW8Wm9RzznMk+LGAr6QK9f\r\nzLwRMszQGKN4HyPc0L/beRqaKhjisyilm7WnBfYRCeYKqPx7knKX8+c=\r\n-----END RSA PRIVATE KEY-----\r\n",
      "type": "string"
    },
    "resource_group_name": {
      "value": "rg-vital-hyena",
      "type": "string"
    }
  },
  "resources": [
    {
      "mode": "managed",
      "type": "azapi_resource",
      "name": "ssh_public_key",
      "provider": "provider[\"registry.opentofu.org/azure/azapi\"]",
      "instances": [
        {
          "schema_version": 1,
          "attributes": {
            "body": {
              "value": "{}",
              "type": "string"
            },
            "id": "/subscriptions/eb0e957d-5586-486c-a4e0-da25eced584d/resourceGroups/rg-vital-hyena/providers/Microsoft.Compute/sshPublicKeys/sshsettlingteal",
            "identity": [],
            "ignore_body_changes": null,
            "ignore_casing": false,
            "ignore_missing_property": true,
            "location": "westus",
            "locks": null,
            "name": "sshsettlingteal",
            "output": {
              "value": "{}",
              "type": "string"
            },
            "parent_id": "/subscriptions/eb0e957d-5586-486c-a4e0-da25eced584d/resourceGroups/rg-vital-hyena",
            "removing_special_chars": false,
            "response_export_values": null,
            "schema_validation_enabled": true,
            "tags": null,
            "timeouts": null,
            "type": "Microsoft.Compute/sshPublicKeys@2022-11-01"
          },
          "sensitive_attributes": [],
          "dependencies": [
            "azurerm_resource_group.rg",
            "random_pet.rg_name",
            "random_pet.ssh_key_name"
          ]
        }
      ]
    },
    {
      "mode": "managed",
      "type": "azapi_resource_action",
      "name": "ssh_public_key_gen",
      "provider": "provider[\"registry.opentofu.org/azure/azapi\"]",
      "instances": [
        {
          "schema_version": 1,
          "attributes": {
            "action": "generateKeyPair",
            "body": null,
            "id": "/subscriptions/eb0e957d-5586-486c-a4e0-da25eced584d/resourceGroups/rg-vital-hyena/providers/Microsoft.Compute/sshPublicKeys/sshsettlingteal/generateKeyPair",
            "locks": null,
            "method": "POST",
            "output": {
              "value": {
                "privateKey": "-----BEGIN RSA PRIVATE KEY-----\r\nMIIG5QIBAAKCAYEAyxXNB4L7USw+WAZR8nuCdhzy643LlNzNVseUj5Va3ERAocOt\r\nICYJPAB68XW+/FsPP1tCngMXP8sVRCmh/PymH3rjApEP7JAaRDk73h9nNG3QQvva\r\npMnlvjtF/o1i33RY2A0nvHOw9N3o0vTUcuAE+WkE8eyCCMrD42mwSH/dg17F66jw\r\n/+yzp/YYzm76ElwPwNfVmCTaMtXUjrTFsEUshFMe9IRoIYUDmJ08KCK9zGgVq/BY\r\ndSOWO1JZmCixEE9kAg1UOwmwlq71cKyB81VhweiRZoePFI7qGavddPai141tvf43\r\nE5606o299KQzYnTj5B/jYEJGmUftuSwnALd65Oh9prDFHVIth/TjiiAi5M8Rfd/j\r\nQuqo6KF9rwu5RVP7VPnvQWx5cwPLvTTpCqm6tq/g77Q0R2rL0wNF/X8tswZ+Vjn0\r\n5pqfEJValmQzYG08yXsVQ6Ofkiyowqu1MFcCwEsaoOGDpcHWeDT7xzLxfrfr0YoX\r\njNrNMcPEvVp0tfW5AgMBAAECggGBAI1KBpHSS7ymll0xUHPt/87ixxKgXOGdWHKm\r\nebIHS+ZwybKBa4IxVD1dbCtvKsdxJsOCX2+FYPht9sasXFmhAIZoPWV8vOJtQwjx\r\n9LfNi0TLnZfslqoNGPxnSoQVo5Mo4+K0DFAtARDrDl8uHFwrhOpsaRdS3wj04KHn\r\n1tApvVf3aKVSrRCwgjE5ovqD9REu4Xrd7mliQjgZ0j7Sf7Lp/VW2apPdRoEDhIP5\r\n6G9X9Eowo9syZKhicNOmsFSPAtkBEap/Pxki5vSnQQaoe4vlj6y1ZLFhSRZjEmS0\r\noRG3y2viC9aXGjSpLwWLIxPBmnTbB6jYgmU5bXf+bQnMBThMrF3PJ7ExMQoN0dHP\r\nXwWdWUZYAzZB+hnAwdalbANEoM/HMlbDKfhgS213LE8Iki0e8r9ETtiXG9oNpymv\r\nEuOFTx4y0v2NqjmpP+LdD91gj7XOzNlZpHUFwU9jl4nwkBTIeWbHzlvxBglFvELB\r\nwOkDlKyx/omBelwExWYQXQodrU/8PQKBwQDq5ezflz1AKC+ZjQCNBclyC/nmExIP\r\natlWCevM+KiEeBRehUWb5MAyalz6jQDcW0F5I0lzpB6wN3T9eBu9RudCwdJhSYvK\r\nGX7q9cT8X1Rh4wL6ByWm5GqZPndjtq07zmeYuWpIt0bab+i92SzcIJPkk69KNqOt\r\ndpySwGx5+iZrJBCHMitanibsskZlvKLX3/aN/2WEdjET+G2wCU8leqh+x8q22Rl1\r\ndgdSnDnsf1+IAHUevaJ+rm8fUp3lzd7HR98CgcEA3VRBfteCFDXsc+jKH8SRQLll\r\nnHvGB3s2MsTUPTaj3cj8XkhPbiD2zzmJTru3dwcWG8Y3Zl9bldVWgrspzLrTo0ET\r\n2P8Go+ec49Al65PW7fPboi/pZk9Qk/IjaeDAFHWGLovxSUyMGbpmHBKE1COg1k3Q\r\nyebZKgov6tJYfzkrwZ8lw9eklXBJBXp2bVi2QZRt6QYMp3/Rsotai6hYKquVKdRE\r\n3yCHpDY9hFO3O5F5YZlYanK8Yv+sKVniT/8JtVVnAoHAeNou0qKHOtjyFHg9DlEp\r\n4WlT+xFYu2Hny6JzFRPh77WwFSlQNPKuB8I9cBLXnIe+2cpT4hFQUK1XnYkMDIfM\r\nN8ZsrO0f5KzVZaFo5cdOLMaVI3pF3uWqCone9whnfFunZSYQDrVs2Lm27uYrdF22\r\neWWaS/5sm7RovgAOT3tqBLmbX1NqhsbTk/fszC8PQS3TNh9uZYZBndq05FsFw2ym\r\nAARewVBVDt/YyKHkE089IUXK/DPoxHCOb3kcD72pnrHVAoHBAIXe6J6oC23eD98r\r\n9tWwN4tGmEdGNklgJTAgDZ/Y5NTJNJxycFjUZ3SAAKU2tYmxJ5Y1Fl09YFAIcgMw\r\n4d+LQWeFfVPLLWEGPscsp0MOcPoMfdRj1nCjmMFjvDfWUVgOndKZoqALRNJrBEgG\r\ni4Ek66uz9Y2pq8DZ2JHYGN8a3XSHpngGfu5EtGYz5F3PQq338WL43b6SeWvdDi9a\r\n67kjf12FnwK20lRo2lynpjTJkPmPnwMD0x6uNpvsWg643E5qEQKBwQCaKcJ0f4uE\r\nQ43eL0FAZSNoeMcEy6CBV3/HJHkSPZkWCm2fSAVboOkOI9XYL0RUsdoA1cHMH7Yv\r\n938cori1EkA+vto0rpyIuQ0HDfFZtTH+b8ePIPe74DFkRHc37AAFeM+ivwayE93T\r\nC0732pjhYQdXVamvbHO5V3BQ675vKBi08xKHRumXtuxW8Wm9RzznMk+LGAr6QK9f\r\nzLwRMszQGKN4HyPc0L/beRqaKhjisyilm7WnBfYRCeYKqPx7knKX8+c=\r\n-----END RSA PRIVATE KEY-----\r\n",
                "publicKey": "ssh-rsa AAAAB3NzaC1yc2EAAAADAQABAAABgQDLFc0HgvtRLD5YBlHye4J2HPLrjcuU3M1Wx5SPlVrcREChw60gJgk8AHrxdb78Ww8/W0KeAxc/yxVEKaH8/KYfeuMCkQ/skBpEOTveH2c0bdBC+9qkyeW+O0X+jWLfdFjYDSe8c7D03ejS9NRy4AT5aQTx7IIIysPjabBIf92DXsXrqPD/7LOn9hjObvoSXA/A19WYJNoy1dSOtMWwRSyEUx70hGghhQOYnTwoIr3MaBWr8Fh1I5Y7UlmYKLEQT2QCDVQ7CbCWrvVwrIHzVWHB6JFmh48UjuoZq9109qLXjW29/jcTnrTqjb30pDNidOPkH+NgQkaZR+25LCcAt3rk6H2msMUdUi2H9OOKICLkzxF93+NC6qjooX2vC7lFU/tU+e9BbHlzA8u9NOkKqbq2r+DvtDRHasvTA0X9fy2zBn5WOfTmmp8QlVqWZDNgbTzJexVDo5+SLKjCq7UwVwLASxqg4YOlwdZ4NPvHMvF+t+vRiheM2s0xw8S9WnS19bk= generated-by-azure"
              },
              "type": [
                "object",
                {
                  "privateKey": "string",
                  "publicKey": "string"
                }
              ]
            },
            "resource_id": "/subscriptions/eb0e957d-5586-486c-a4e0-da25eced584d/resourceGroups/rg-vital-hyena/providers/Microsoft.Compute/sshPublicKeys/sshsettlingteal",
            "response_export_values": [
              "publicKey",
              "privateKey"
            ],
            "timeouts": null,
            "type": "Microsoft.Compute/sshPublicKeys@2022-11-01",
            "when": "apply"
          },
          "sensitive_attributes": [],
          "dependencies": [
            "azapi_resource.ssh_public_key",
            "azurerm_resource_group.rg",
            "random_pet.rg_name",
            "random_pet.ssh_key_name"
          ]
        }
      ]
    },
    {
      "mode": "managed",
      "type": "azurerm_network_interface",
      "name": "my_terraform_nic",
      "provider": "provider[\"registry.opentofu.org/hashicorp/azurerm\"]",
      "instances": [
        {
          "schema_version": 0,
          "attributes": {
            "accelerated_networking_enabled": false,
            "applied_dns_servers": [],
            "auxiliary_mode": "",
            "auxiliary_sku": "",
            "dns_servers": [],
            "edge_zone": "",
            "enable_accelerated_networking": false,
            "enable_ip_forwarding": false,
            "id": "/subscriptions/eb0e957d-5586-486c-a4e0-da25eced584d/resourceGroups/rg-vital-hyena/providers/Microsoft.Network/networkInterfaces/myNIC",
            "internal_dns_name_label": "",
            "internal_domain_name_suffix": "yypbhx040vbern2gr45lxy2bqg.dx.internal.cloudapp.net",
            "ip_configuration": [
              {
                "gateway_load_balancer_frontend_ip_configuration_id": "",
                "name": "my_nic_configuration",
                "primary": true,
                "private_ip_address": "10.0.1.4",
                "private_ip_address_allocation": "Dynamic",
                "private_ip_address_version": "IPv4",
                "public_ip_address_id": "/subscriptions/eb0e957d-5586-486c-a4e0-da25eced584d/resourceGroups/rg-vital-hyena/providers/Microsoft.Network/publicIPAddresses/myPublicIP",
                "subnet_id": "/subscriptions/eb0e957d-5586-486c-a4e0-da25eced584d/resourceGroups/rg-vital-hyena/providers/Microsoft.Network/virtualNetworks/myVnet/subnets/mySubnet"
              }
            ],
            "ip_forwarding_enabled": false,
            "location": "westus",
            "mac_address": "",
            "name": "myNIC",
            "private_ip_address": "10.0.1.4",
            "private_ip_addresses": [
              "10.0.1.4"
            ],
            "resource_group_name": "rg-vital-hyena",
            "tags": null,
            "timeouts": null,
            "virtual_machine_id": ""
          },
          "sensitive_attributes": [],
          "private": "eyJlMmJmYjczMC1lY2FhLTExZTYtOGY4OC0zNDM2M2JjN2M0YzAiOnsiY3JlYXRlIjoxODAwMDAwMDAwMDAwLCJkZWxldGUiOjE4MDAwMDAwMDAwMDAsInJlYWQiOjMwMDAwMDAwMDAwMCwidXBkYXRlIjoxODAwMDAwMDAwMDAwfX0=",
          "dependencies": [
            "azurerm_public_ip.my_terraform_public_ip",
            "azurerm_resource_group.rg",
            "azurerm_subnet.my_terraform_subnet",
            "azurerm_virtual_network.my_terraform_network",
            "random_pet.rg_name"
          ]
        }
      ]
    },
    {
      "mode": "managed",
      "type": "azurerm_network_interface_security_group_association",
      "name": "example",
      "provider": "provider[\"registry.opentofu.org/hashicorp/azurerm\"]",
      "instances": [
        {
          "schema_version": 0,
          "attributes": {
            "id": "/subscriptions/eb0e957d-5586-486c-a4e0-da25eced584d/resourceGroups/rg-vital-hyena/providers/Microsoft.Network/networkInterfaces/myNIC|/subscriptions/eb0e957d-5586-486c-a4e0-da25eced584d/resourceGroups/rg-vital-hyena/providers/Microsoft.Network/networkSecurityGroups/myNetworkSecurityGroup",
            "network_interface_id": "/subscriptions/eb0e957d-5586-486c-a4e0-da25eced584d/resourceGroups/rg-vital-hyena/providers/Microsoft.Network/networkInterfaces/myNIC",
            "network_security_group_id": "/subscriptions/eb0e957d-5586-486c-a4e0-da25eced584d/resourceGroups/rg-vital-hyena/providers/Microsoft.Network/networkSecurityGroups/myNetworkSecurityGroup",
            "timeouts": null
          },
          "sensitive_attributes": [],
          "private": "eyJlMmJmYjczMC1lY2FhLTExZTYtOGY4OC0zNDM2M2JjN2M0YzAiOnsiY3JlYXRlIjoxODAwMDAwMDAwMDAwLCJkZWxldGUiOjE4MDAwMDAwMDAwMDAsInJlYWQiOjMwMDAwMDAwMDAwMH19",
          "dependencies": [
            "azurerm_network_interface.my_terraform_nic",
            "azurerm_network_security_group.my_terraform_nsg",
            "azurerm_public_ip.my_terraform_public_ip",
            "azurerm_resource_group.rg",
            "azurerm_subnet.my_terraform_subnet",
            "azurerm_virtual_network.my_terraform_network",
            "random_pet.rg_name"
          ]
        }
      ]
    },
    {
      "mode": "managed",
      "type": "azurerm_network_security_group",
      "name": "my_terraform_nsg",
      "provider": "provider[\"registry.opentofu.org/hashicorp/azurerm\"]",
      "instances": [
        {
          "schema_version": 0,
          "attributes": {
            "id": "/subscriptions/eb0e957d-5586-486c-a4e0-da25eced584d/resourceGroups/rg-vital-hyena/providers/Microsoft.Network/networkSecurityGroups/myNetworkSecurityGroup",
            "location": "westus",
            "name": "myNetworkSecurityGroup",
            "resource_group_name": "rg-vital-hyena",
            "security_rule": [
              {
                "access": "Allow",
                "description": "",
                "destination_address_prefix": "*",
                "destination_address_prefixes": [],
                "destination_application_security_group_ids": [],
                "destination_port_range": "22",
                "destination_port_ranges": [],
                "direction": "Inbound",
                "name": "SSH",
                "priority": 1001,
                "protocol": "Tcp",
                "source_address_prefix": "*",
                "source_address_prefixes": [],
                "source_application_security_group_ids": [],
                "source_port_range": "*",
                "source_port_ranges": []
              }
            ],
            "tags": null,
            "timeouts": null
          },
          "sensitive_attributes": [],
          "private": "eyJlMmJmYjczMC1lY2FhLTExZTYtOGY4OC0zNDM2M2JjN2M0YzAiOnsiY3JlYXRlIjoxODAwMDAwMDAwMDAwLCJkZWxldGUiOjE4MDAwMDAwMDAwMDAsInJlYWQiOjMwMDAwMDAwMDAwMCwidXBkYXRlIjoxODAwMDAwMDAwMDAwfX0=",
          "dependencies": [
            "azurerm_resource_group.rg",
            "random_pet.rg_name"
          ]
        }
      ]
    },
    {
      "mode": "managed",
      "type": "azurerm_public_ip",
      "name": "my_terraform_public_ip",
      "provider": "provider[\"registry.opentofu.org/hashicorp/azurerm\"]",
      "instances": [
        {
          "schema_version": 0,
          "attributes": {
            "allocation_method": "Static",
            "ddos_protection_mode": "VirtualNetworkInherited",
            "ddos_protection_plan_id": null,
            "domain_name_label": null,
            "edge_zone": "",
            "fqdn": null,
            "id": "/subscriptions/eb0e957d-5586-486c-a4e0-da25eced584d/resourceGroups/rg-vital-hyena/providers/Microsoft.Network/publicIPAddresses/myPublicIP",
            "idle_timeout_in_minutes": 4,
            "ip_address": "20.43.247.185",
            "ip_tags": null,
            "ip_version": "IPv4",
            "location": "westus",
            "name": "myPublicIP",
            "public_ip_prefix_id": null,
            "resource_group_name": "rg-vital-hyena",
            "reverse_fqdn": null,
            "sku": "Standard",
            "sku_tier": "Regional",
            "tags": null,
            "timeouts": null,
            "zones": null
          },
          "sensitive_attributes": [],
          "private": "eyJlMmJmYjczMC1lY2FhLTExZTYtOGY4OC0zNDM2M2JjN2M0YzAiOnsiY3JlYXRlIjoxODAwMDAwMDAwMDAwLCJkZWxldGUiOjE4MDAwMDAwMDAwMDAsInJlYWQiOjMwMDAwMDAwMDAwMCwidXBkYXRlIjoxODAwMDAwMDAwMDAwfX0=",
          "dependencies": [
            "azurerm_resource_group.rg",
            "random_pet.rg_name"
          ]
        }
      ]
    },
    {
      "mode": "managed",
      "type": "azurerm_resource_group",
      "name": "rg",
      "provider": "provider[\"registry.opentofu.org/hashicorp/azurerm\"]",
      "instances": [
        {
          "schema_version": 0,
          "attributes": {
            "id": "/subscriptions/eb0e957d-5586-486c-a4e0-da25eced584d/resourceGroups/rg-vital-hyena",
            "location": "westus",
            "managed_by": "",
            "name": "rg-vital-hyena",
            "tags": null,
            "timeouts": null
          },
          "sensitive_attributes": [],
          "private": "eyJlMmJmYjczMC1lY2FhLTExZTYtOGY4OC0zNDM2M2JjN2M0YzAiOnsiY3JlYXRlIjo1NDAwMDAwMDAwMDAwLCJkZWxldGUiOjU0MDAwMDAwMDAwMDAsInJlYWQiOjMwMDAwMDAwMDAwMCwidXBkYXRlIjo1NDAwMDAwMDAwMDAwfX0=",
          "dependencies": [
            "random_pet.rg_name"
          ]
        }
      ]
    },
    {
      "mode": "managed",
      "type": "azurerm_storage_account",
      "name": "my_storage_account",
      "provider": "provider[\"registry.opentofu.org/hashicorp/azurerm\"]",
      "instances": [
        {
          "schema_version": 4,
          "attributes": {
            "access_tier": "Hot",
            "account_kind": "StorageV2",
            "account_replication_type": "LRS",
            "account_tier": "Standard",
            "allow_nested_items_to_be_public": true,
            "allowed_copy_scope": "",
            "azure_files_authentication": [],
            "blob_properties": [
              {
                "change_feed_enabled": false,
                "change_feed_retention_in_days": 0,
                "container_delete_retention_policy": [],
                "cors_rule": [],
                "default_service_version": "",
                "delete_retention_policy": [],
                "last_access_time_enabled": false,
                "restore_policy": [],
                "versioning_enabled": false
              }
            ],
            "cross_tenant_replication_enabled": true,
            "custom_domain": [],
            "customer_managed_key": [],
            "default_to_oauth_authentication": false,
            "dns_endpoint_type": "Standard",
            "edge_zone": "",
            "enable_https_traffic_only": true,
            "https_traffic_only_enabled": true,
            "id": "/subscriptions/eb0e957d-5586-486c-a4e0-da25eced584d/resourceGroups/rg-vital-hyena/providers/Microsoft.Storage/storageAccounts/diag2a2a804cc583fdb6",
            "identity": [],
            "immutability_policy": [],
            "infrastructure_encryption_enabled": false,
            "is_hns_enabled": false,
            "large_file_share_enabled": false,
            "local_user_enabled": true,
            "location": "westus",
            "min_tls_version": "TLS1_2",
            "name": "diag2a2a804cc583fdb6",
            "network_rules": [],
            "nfsv3_enabled": false,
            "primary_access_key": "cgaCtHJrLc+HQ3ybwbd6UhO7QztPqGOen6cMDFfmDRXtBUf725ZuYWNu1wTO67aieFj0Q/pk66PH+ASt9FxlGA==",
            "primary_blob_connection_string": "DefaultEndpointsProtocol=https;BlobEndpoint=https://diag2a2a804cc583fdb6.blob.core.windows.net/;AccountName=diag2a2a804cc583fdb6;AccountKey=cgaCtHJrLc+HQ3ybwbd6UhO7QztPqGOen6cMDFfmDRXtBUf725ZuYWNu1wTO67aieFj0Q/pk66PH+ASt9FxlGA==",
            "primary_blob_endpoint": "https://diag2a2a804cc583fdb6.blob.core.windows.net/",
            "primary_blob_host": "diag2a2a804cc583fdb6.blob.core.windows.net",
            "primary_blob_internet_endpoint": "",
            "primary_blob_internet_host": "",
            "primary_blob_microsoft_endpoint": "",
            "primary_blob_microsoft_host": "",
            "primary_connection_string": "DefaultEndpointsProtocol=https;AccountName=diag2a2a804cc583fdb6;AccountKey=cgaCtHJrLc+HQ3ybwbd6UhO7QztPqGOen6cMDFfmDRXtBUf725ZuYWNu1wTO67aieFj0Q/pk66PH+ASt9FxlGA==;EndpointSuffix=core.windows.net",
            "primary_dfs_endpoint": "https://diag2a2a804cc583fdb6.dfs.core.windows.net/",
            "primary_dfs_host": "diag2a2a804cc583fdb6.dfs.core.windows.net",
            "primary_dfs_internet_endpoint": "",
            "primary_dfs_internet_host": "",
            "primary_dfs_microsoft_endpoint": "",
            "primary_dfs_microsoft_host": "",
            "primary_file_endpoint": "https://diag2a2a804cc583fdb6.file.core.windows.net/",
            "primary_file_host": "diag2a2a804cc583fdb6.file.core.windows.net",
            "primary_file_internet_endpoint": "",
            "primary_file_internet_host": "",
            "primary_file_microsoft_endpoint": "",
            "primary_file_microsoft_host": "",
            "primary_location": "westus",
            "primary_queue_endpoint": "https://diag2a2a804cc583fdb6.queue.core.windows.net/",
            "primary_queue_host": "diag2a2a804cc583fdb6.queue.core.windows.net",
            "primary_queue_microsoft_endpoint": "",
            "primary_queue_microsoft_host": "",
            "primary_table_endpoint": "https://diag2a2a804cc583fdb6.table.core.windows.net/",
            "primary_table_host": "diag2a2a804cc583fdb6.table.core.windows.net",
            "primary_table_microsoft_endpoint": "",
            "primary_table_microsoft_host": "",
            "primary_web_endpoint": "https://diag2a2a804cc583fdb6.z22.web.core.windows.net/",
            "primary_web_host": "diag2a2a804cc583fdb6.z22.web.core.windows.net",
            "primary_web_internet_endpoint": "",
            "primary_web_internet_host": "",
            "primary_web_microsoft_endpoint": "",
            "primary_web_microsoft_host": "",
            "public_network_access_enabled": true,
            "queue_encryption_key_type": "Service",
            "queue_properties": [
              {
                "cors_rule": [],
                "hour_metrics": [
                  {
                    "enabled": false,
                    "include_apis": false,
                    "retention_policy_days": 0,
                    "version": "1.0"
                  }
                ],
                "logging": [
                  {
                    "delete": false,
                    "read": false,
                    "retention_policy_days": 0,
                    "version": "1.0",
                    "write": false
                  }
                ],
                "minute_metrics": [
                  {
                    "enabled": false,
                    "include_apis": false,
                    "retention_policy_days": 0,
                    "version": "1.0"
                  }
                ]
              }
            ],
            "resource_group_name": "rg-vital-hyena",
            "routing": [],
            "sas_policy": [],
            "secondary_access_key": "w7I3up3m+9Tap65/MhSGszx0jOmzKv+GDhSK6YmlyqE3tPt2LMKWuieDw4c22Wo+nvlYtD/UkQnb+ASt0+eN6A==",
            "secondary_blob_connection_string": "",
            "secondary_blob_endpoint": "",
            "secondary_blob_host": "",
            "secondary_blob_internet_endpoint": "",
            "secondary_blob_internet_host": "",
            "secondary_blob_microsoft_endpoint": "",
            "secondary_blob_microsoft_host": "",
            "secondary_connection_string": "DefaultEndpointsProtocol=https;AccountName=diag2a2a804cc583fdb6;AccountKey=w7I3up3m+9Tap65/MhSGszx0jOmzKv+GDhSK6YmlyqE3tPt2LMKWuieDw4c22Wo+nvlYtD/UkQnb+ASt0+eN6A==;EndpointSuffix=core.windows.net",
            "secondary_dfs_endpoint": "",
            "secondary_dfs_host": "",
            "secondary_dfs_internet_endpoint": "",
            "secondary_dfs_internet_host": "",
            "secondary_dfs_microsoft_endpoint": "",
            "secondary_dfs_microsoft_host": "",
            "secondary_file_endpoint": "",
            "secondary_file_host": "",
            "secondary_file_internet_endpoint": "",
            "secondary_file_internet_host": "",
            "secondary_file_microsoft_endpoint": "",
            "secondary_file_microsoft_host": "",
            "secondary_location": "",
            "secondary_queue_endpoint": "",
            "secondary_queue_host": "",
            "secondary_queue_microsoft_endpoint": "",
            "secondary_queue_microsoft_host": "",
            "secondary_table_endpoint": "",
            "secondary_table_host": "",
            "secondary_table_microsoft_endpoint": "",
            "secondary_table_microsoft_host": "",
            "secondary_web_endpoint": "",
            "secondary_web_host": "",
            "secondary_web_internet_endpoint": "",
            "secondary_web_internet_host": "",
            "secondary_web_microsoft_endpoint": "",
            "secondary_web_microsoft_host": "",
            "sftp_enabled": false,
            "share_properties": [
              {
                "cors_rule": [],
                "retention_policy": [
                  {
                    "days": 7
                  }
                ],
                "smb": []
              }
            ],
            "shared_access_key_enabled": true,
            "static_website": [],
            "table_encryption_key_type": "Service",
            "tags": null,
            "timeouts": null
          },
          "sensitive_attributes": [],
          "private": "eyJlMmJmYjczMC1lY2FhLTExZTYtOGY4OC0zNDM2M2JjN2M0YzAiOnsiY3JlYXRlIjozNjAwMDAwMDAwMDAwLCJkZWxldGUiOjM2MDAwMDAwMDAwMDAsInJlYWQiOjMwMDAwMDAwMDAwMCwidXBkYXRlIjozNjAwMDAwMDAwMDAwfSwic2NoZW1hX3ZlcnNpb24iOiI0In0=",
          "dependencies": [
            "azurerm_resource_group.rg",
            "random_id.random_id",
            "random_pet.rg_name"
          ]
        }
      ]
    },
    {
      "mode": "managed",
      "type": "azurerm_subnet",
      "name": "my_terraform_subnet",
      "provider": "provider[\"registry.opentofu.org/hashicorp/azurerm\"]",
      "instances": [
        {
          "schema_version": 0,
          "attributes": {
            "address_prefixes": [
              "10.0.1.0/24"
            ],
            "default_outbound_access_enabled": true,
            "delegation": [],
            "enforce_private_link_endpoint_network_policies": false,
            "enforce_private_link_service_network_policies": false,
            "id": "/subscriptions/eb0e957d-5586-486c-a4e0-da25eced584d/resourceGroups/rg-vital-hyena/providers/Microsoft.Network/virtualNetworks/myVnet/subnets/mySubnet",
            "name": "mySubnet",
            "private_endpoint_network_policies": "Enabled",
            "private_endpoint_network_policies_enabled": true,
            "private_link_service_network_policies_enabled": true,
            "resource_group_name": "rg-vital-hyena",
            "service_endpoint_policy_ids": null,
            "service_endpoints": null,
            "timeouts": null,
            "virtual_network_name": "myVnet"
          },
          "sensitive_attributes": [],
          "private": "eyJlMmJmYjczMC1lY2FhLTExZTYtOGY4OC0zNDM2M2JjN2M0YzAiOnsiY3JlYXRlIjoxODAwMDAwMDAwMDAwLCJkZWxldGUiOjE4MDAwMDAwMDAwMDAsInJlYWQiOjMwMDAwMDAwMDAwMCwidXBkYXRlIjoxODAwMDAwMDAwMDAwfX0=",
          "dependencies": [
            "azurerm_resource_group.rg",
            "azurerm_virtual_network.my_terraform_network",
            "random_pet.rg_name"
          ]
        }
      ]
    },
    {
      "mode": "managed",
      "type": "azurerm_virtual_network",
      "name": "my_terraform_network",
      "provider": "provider[\"registry.opentofu.org/hashicorp/azurerm\"]",
      "instances": [
        {
          "schema_version": 0,
          "attributes": {
            "address_space": [
              "10.0.0.0/16"
            ],
            "bgp_community": "",
            "ddos_protection_plan": [],
            "dns_servers": [],
            "edge_zone": "",
            "encryption": [],
            "flow_timeout_in_minutes": 0,
            "guid": "df131ec6-d55e-4842-b786-8fbebbe38186",
            "id": "/subscriptions/eb0e957d-5586-486c-a4e0-da25eced584d/resourceGroups/rg-vital-hyena/providers/Microsoft.Network/virtualNetworks/myVnet",
            "location": "westus",
            "name": "myVnet",
            "resource_group_name": "rg-vital-hyena",
            "subnet": [],
            "tags": null,
            "timeouts": null
          },
          "sensitive_attributes": [],
          "private": "eyJlMmJmYjczMC1lY2FhLTExZTYtOGY4OC0zNDM2M2JjN2M0YzAiOnsiY3JlYXRlIjoxODAwMDAwMDAwMDAwLCJkZWxldGUiOjE4MDAwMDAwMDAwMDAsInJlYWQiOjMwMDAwMDAwMDAwMCwidXBkYXRlIjoxODAwMDAwMDAwMDAwfX0=",
          "dependencies": [
            "azurerm_resource_group.rg",
            "random_pet.rg_name"
          ]
        }
      ]
    },
    {
      "mode": "managed",
      "type": "random_id",
      "name": "random_id",
      "provider": "provider[\"registry.opentofu.org/hashicorp/random\"]",
      "instances": [
        {
          "schema_version": 0,
          "attributes": {
            "b64_std": "KiqATMWD/bY=",
            "b64_url": "KiqATMWD_bY",
            "byte_length": 8,
            "dec": "3038381965834452406",
            "hex": "2a2a804cc583fdb6",
            "id": "KiqATMWD_bY",
            "keepers": {
              "resource_group": "rg-vital-hyena"
            },
            "prefix": null
          },
          "sensitive_attributes": [],
          "dependencies": [
            "azurerm_resource_group.rg",
            "random_pet.rg_name"
          ]
        }
      ]
    },
    {
      "mode": "managed",
      "type": "random_pet",
      "name": "rg_name",
      "provider": "provider[\"registry.opentofu.org/hashicorp/random\"]",
      "instances": [
        {
          "schema_version": 0,
          "attributes": {
            "id": "rg-vital-hyena",
            "keepers": null,
            "length": 2,
            "prefix": "rg",
            "separator": "-"
          },
          "sensitive_attributes": []
        }
      ]
    },
    {
      "mode": "managed",
      "type": "random_pet",
      "name": "ssh_key_name",
      "provider": "provider[\"registry.opentofu.org/hashicorp/random\"]",
      "instances": [
        {
          "schema_version": 0,
          "attributes": {
            "id": "sshsettlingteal",
            "keepers": null,
            "length": 2,
            "prefix": "ssh",
            "separator": ""
          },
          "sensitive_attributes": []
        }
      ]
    }
  ],
  "check_results": null
}
